
Microsoft Visual Studio Solution File, Format Version 12.00
# Visual Studio Version 17
VisualStudioVersion = 17.6.33815.320
MinimumVisualStudioVersion = 10.0.40219.1
Project("{9A19103F-16F7-4668-BE54-9A1E7A4F7556}") = "Shop", "Shop.csproj", "{FE75B3E4-5AED-41A5-9B42-197B6DC4B021}"
EndProject
Global
	GlobalSection(SolutionConfigurationPlatforms) = preSolution
		Debug|Any CPU = Debug|Any CPU
		Release|Any CPU = Release|Any CPU
	EndGlobalSection
	GlobalSection(ProjectConfigurationPlatforms) = postSolution
		{FE75B3E4-5AED-41A5-9B42-197B6DC4B021}.Debug|Any CPU.ActiveCfg = Debug|Any CPU
		{FE75B3E4-5AED-41A5-9B42-197B6DC4B021}.Debug|Any CPU.Build.0 = Debug|Any CPU
		{FE75B3E4-5AED-41A5-9B42-197B6DC4B021}.Release|Any CPU.ActiveCfg = Release|Any CPU
		{FE75B3E4-5AED-41A5-9B42-197B6DC4B021}.Release|Any CPU.Build.0 = Release|Any CPU
	EndGlobalSection
	GlobalSection(SolutionProperties) = preSolution
		HideSolutionNode = FALSE
	EndGlobalSection
	GlobalSection(ExtensibilityGlobals) = postSolution
		SolutionGuid = {F7C932E0-2045-45A1-AA37-48693658C29F}
	EndGlobalSection
EndGlobal
